// !$*UTF8*$!
{
	archiveVersion = 1;
	classes = {
	};
	objectVersion = 46;
	objects = {

/* Begin PBXBuildFile section */
		0C5CBCF611BD52BA00448ADD /* SFDefaultTab.m in Sources */ = {isa = PBXBuildFile; fileRef = 0C5CBCF111BD52BA00448ADD /* SFDefaultTab.m */; };
		0C5CBCF711BD52BA00448ADD /* SFTabView.m in Sources */ = {isa = PBXBuildFile; fileRef = 0C5CBCF311BD52BA00448ADD /* SFTabView.m */; };
		0C5CBCF811BD52BA00448ADD /* SFTabViewAppDelegate.m in Sources */ = {isa = PBXBuildFile; fileRef = 0C5CBCF511BD52BA00448ADD /* SFTabViewAppDelegate.m */; };
		0C5CBCFF11BD534200448ADD /* activeTab.png in Resources */ = {isa = PBXBuildFile; fileRef = 0C5CBCFB11BD534200448ADD /* activeTab.png */; };
		0C5CBD0011BD534200448ADD /* inactiveTab.png in Resources */ = {isa = PBXBuildFile; fileRef = 0C5CBCFC11BD534200448ADD /* inactiveTab.png */; };
		0C5CBD0111BD534200448ADD /* MainMenu.xib in Resources */ = {isa = PBXBuildFile; fileRef = 0C5CBCFD11BD534200448ADD /* MainMenu.xib */; };
		0C5CBD0211BD534200448ADD /* tabBg.png in Resources */ = {isa = PBXBuildFile; fileRef = 0C5CBCFE11BD534200448ADD /* tabBg.png */; };
		0C5CBD1311BD537700448ADD /* InfoPlist.strings in Resources */ = {isa = PBXBuildFile; fileRef = 0C5CBD1111BD537700448ADD /* InfoPlist.strings */; };
		7B02370915E0BE640070FE12 /* QuartzCore.framework in Frameworks */ = {isa = PBXBuildFile; fileRef = 7B02370815E0BE640070FE12 /* QuartzCore.framework */; };
		7B02370A15E0BE6E0070FE12 /* QuartzCore.framework in Frameworks */ = {isa = PBXBuildFile; fileRef = 7B02370815E0BE640070FE12 /* QuartzCore.framework */; };
		7B02370D15E0BE7A0070FE12 /* Cocoa.framework in Frameworks */ = {isa = PBXBuildFile; fileRef = 7B02370C15E0BE7A0070FE12 /* Cocoa.framework */; };
		7B18225516222ED100C19DBB /* AtoZ.framework in Frameworks */ = {isa = PBXBuildFile; fileRef = 7B18225416222ED100C19DBB /* AtoZ.framework */; };
		7B18225616222F6A00C19DBB /* AtoZ.framework in Frameworks */ = {isa = PBXBuildFile; fileRef = 7B18225416222ED100C19DBB /* AtoZ.framework */; };
		7B92C7DB15A72FA300D9BB9B /* InfoPlist.strings in Resources */ = {isa = PBXBuildFile; fileRef = 7B92C7D915A72FA300D9BB9B /* InfoPlist.strings */; };
		7B92C7DD15A72FA300D9BB9B /* main.m in Sources */ = {isa = PBXBuildFile; fileRef = 7B92C7DC15A72FA300D9BB9B /* main.m */; };
		7B92C7E115A72FA300D9BB9B /* Credits.rtf in Resources */ = {isa = PBXBuildFile; fileRef = 7B92C7DF15A72FA300D9BB9B /* Credits.rtf */; };
		7B92C7E715A72FA400D9BB9B /* MainMenu.xib in Resources */ = {isa = PBXBuildFile; fileRef = 7B92C7E515A72FA400D9BB9B /* MainMenu.xib */; };
		7B92C7ED15A72FFA00D9BB9B /* AZTabViewAppDelegate.m in Sources */ = {isa = PBXBuildFile; fileRef = 7B92C7C915A72ED700D9BB9B /* AZTabViewAppDelegate.m */; };
		7B92C7EE15A72FFF00D9BB9B /* AZDefaultTab.m in Sources */ = {isa = PBXBuildFile; fileRef = 7B92C7C415A72B4A00D9BB9B /* AZDefaultTab.m */; };
		7B92C7F015A7300300D9BB9B /* AZTabView.m in Sources */ = {isa = PBXBuildFile; fileRef = 7B92C7CC15A72F1500D9BB9B /* AZTabView.m */; };
		7B92C7F315A7304000D9BB9B /* PAColorSwatchChooser.m in Sources */ = {isa = PBXBuildFile; fileRef = 7B92C7F215A7304000D9BB9B /* PAColorSwatchChooser.m */; };
		7B92C7F415A7368300D9BB9B /* tabBg.png in Resources */ = {isa = PBXBuildFile; fileRef = 0C5CBCFE11BD534200448ADD /* tabBg.png */; };
		7BCE78B815E25DF800B53BC6 /* PLWeakCompatibility.framework in CopyFiles */ = {isa = PBXBuildFile; fileRef = 7BCE78B715E25DF800B53BC6 /* PLWeakCompatibility.framework */; };
		8D11072D0486CEB800E47090 /* main.m in Sources */ = {isa = PBXBuildFile; fileRef = 29B97316FDCFA39411CA2CEA /* main.m */; settings = {ATTRIBUTES = (); }; };
		8D11072F0486CEB800E47090 /* Cocoa.framework in Frameworks */ = {isa = PBXBuildFile; fileRef = 1058C7A1FEA54F0111CA2CBB /* Cocoa.framework */; };
/* End PBXBuildFile section */

/* Begin PBXCopyFilesBuildPhase section */
		7B02370E15E0BE8C0070FE12 /* CopyFiles */ = {
			isa = PBXCopyFilesBuildPhase;
			buildActionMask = 12;
			dstPath = "";
			dstSubfolderSpec = 10;
			files = (
			);
			runOnlyForDeploymentPostprocessing = 0;
		};
		7B9595B615E1D87D0044620B /* CopyFiles */ = {
			isa = PBXCopyFilesBuildPhase;
			buildActionMask = 2147483647;
			dstPath = "";
			dstSubfolderSpec = 10;
			files = (
				7BCE78B815E25DF800B53BC6 /* PLWeakCompatibility.framework in CopyFiles */,
			);
			runOnlyForDeploymentPostprocessing = 0;
		};
/* End PBXCopyFilesBuildPhase section */

/* Begin PBXFileReference section */
		0C5CBCF011BD52BA00448ADD /* SFDefaultTab.h */ = {isa = PBXFileReference; fileEncoding = 4; lastKnownFileType = sourcecode.c.h; name = SFDefaultTab.h; path = Classes/SFDefaultTab.h; sourceTree = "<group>"; };
		0C5CBCF111BD52BA00448ADD /* SFDefaultTab.m */ = {isa = PBXFileReference; fileEncoding = 4; lastKnownFileType = sourcecode.c.objc; name = SFDefaultTab.m; path = Classes/SFDefaultTab.m; sourceTree = "<group>"; };
		0C5CBCF211BD52BA00448ADD /* SFTabView.h */ = {isa = PBXFileReference; fileEncoding = 4; lastKnownFileType = sourcecode.c.h; name = SFTabView.h; path = Classes/SFTabView.h; sourceTree = "<group>"; };
		0C5CBCF311BD52BA00448ADD /* SFTabView.m */ = {isa = PBXFileReference; fileEncoding = 4; lastKnownFileType = sourcecode.c.objc; name = SFTabView.m; path = Classes/SFTabView.m; sourceTree = "<group>"; };
		0C5CBCF411BD52BA00448ADD /* SFTabViewAppDelegate.h */ = {isa = PBXFileReference; fileEncoding = 4; lastKnownFileType = sourcecode.c.h; name = SFTabViewAppDelegate.h; path = Classes/SFTabViewAppDelegate.h; sourceTree = "<group>"; };
		0C5CBCF511BD52BA00448ADD /* SFTabViewAppDelegate.m */ = {isa = PBXFileReference; fileEncoding = 4; lastKnownFileType = sourcecode.c.objc; name = SFTabViewAppDelegate.m; path = Classes/SFTabViewAppDelegate.m; sourceTree = "<group>"; };
		0C5CBCFB11BD534200448ADD /* activeTab.png */ = {isa = PBXFileReference; lastKnownFileType = image.png; name = activeTab.png; path = Resources/activeTab.png; sourceTree = "<group>"; };
		0C5CBCFC11BD534200448ADD /* inactiveTab.png */ = {isa = PBXFileReference; lastKnownFileType = image.png; name = inactiveTab.png; path = Resources/inactiveTab.png; sourceTree = "<group>"; };
		0C5CBCFD11BD534200448ADD /* MainMenu.xib */ = {isa = PBXFileReference; lastKnownFileType = file.xib; name = MainMenu.xib; path = Resources/MainMenu.xib; sourceTree = "<group>"; };
		0C5CBCFE11BD534200448ADD /* tabBg.png */ = {isa = PBXFileReference; lastKnownFileType = image.png; name = tabBg.png; path = Resources/tabBg.png; sourceTree = "<group>"; };
		0C5CBD1211BD537700448ADD /* English */ = {isa = PBXFileReference; fileEncoding = 4; lastKnownFileType = text.plist.strings; name = English; path = Resources/English.lproj/InfoPlist.strings; sourceTree = "<group>"; };
		0CB2673D11984E3100003C49 /* QuartzCore.framework */ = {isa = PBXFileReference; lastKnownFileType = wrapper.framework; name = QuartzCore.framework; path = System/Library/Frameworks/QuartzCore.framework; sourceTree = SDKROOT; };
		1058C7A1FEA54F0111CA2CBB /* Cocoa.framework */ = {isa = PBXFileReference; lastKnownFileType = wrapper.framework; name = Cocoa.framework; path = /System/Library/Frameworks/Cocoa.framework; sourceTree = "<absolute>"; };
		13E42FB307B3F0F600E4EEF1 /* CoreData.framework */ = {isa = PBXFileReference; lastKnownFileType = wrapper.framework; name = CoreData.framework; path = /System/Library/Frameworks/CoreData.framework; sourceTree = "<absolute>"; };
		256AC3F00F4B6AF500CF3369 /* AZTabView_Prefix.pch */ = {isa = PBXFileReference; fileEncoding = 4; lastKnownFileType = sourcecode.c.h; path = AZTabView_Prefix.pch; sourceTree = "<group>"; };
		29B97316FDCFA39411CA2CEA /* main.m */ = {isa = PBXFileReference; fileEncoding = 4; lastKnownFileType = sourcecode.c.objc; path = main.m; sourceTree = "<group>"; };
		29B97324FDCFA39411CA2CEA /* AppKit.framework */ = {isa = PBXFileReference; lastKnownFileType = wrapper.framework; name = AppKit.framework; path = /System/Library/Frameworks/AppKit.framework; sourceTree = "<absolute>"; };
		29B97325FDCFA39411CA2CEA /* Foundation.framework */ = {isa = PBXFileReference; lastKnownFileType = wrapper.framework; name = Foundation.framework; path = /System/Library/Frameworks/Foundation.framework; sourceTree = "<absolute>"; };
		7B02370815E0BE640070FE12 /* QuartzCore.framework */ = {isa = PBXFileReference; lastKnownFileType = wrapper.framework; name = QuartzCore.framework; path = Platforms/MacOSX.platform/Developer/SDKs/MacOSX10.7.sdk/System/Library/Frameworks/QuartzCore.framework; sourceTree = DEVELOPER_DIR; };
		7B02370C15E0BE7A0070FE12 /* Cocoa.framework */ = {isa = PBXFileReference; lastKnownFileType = wrapper.framework; name = Cocoa.framework; path = Platforms/MacOSX.platform/Developer/SDKs/MacOSX10.8.sdk/System/Library/Frameworks/Cocoa.framework; sourceTree = DEVELOPER_DIR; };
		7B18225416222ED100C19DBB /* AtoZ.framework */ = {isa = PBXFileReference; lastKnownFileType = wrapper.framework; name = AtoZ.framework; path = ../../../../../Library/Frameworks/AtoZ.framework; sourceTree = "<group>"; };
		7B92C7C315A72B4A00D9BB9B /* AZDefaultTab.h */ = {isa = PBXFileReference; fileEncoding = 4; lastKnownFileType = sourcecode.c.h; path = AZDefaultTab.h; sourceTree = "<group>"; };
		7B92C7C415A72B4A00D9BB9B /* AZDefaultTab.m */ = {isa = PBXFileReference; fileEncoding = 4; lastKnownFileType = sourcecode.c.objc; path = AZDefaultTab.m; sourceTree = "<group>"; };
		7B92C7C815A72ED700D9BB9B /* AZTabViewAppDelegate.h */ = {isa = PBXFileReference; fileEncoding = 4; lastKnownFileType = sourcecode.c.h; name = AZTabViewAppDelegate.h; path = ../AZTab/AZTabViewAppDelegate.h; sourceTree = "<group>"; };
		7B92C7C915A72ED700D9BB9B /* AZTabViewAppDelegate.m */ = {isa = PBXFileReference; fileEncoding = 4; lastKnownFileType = sourcecode.c.objc; name = AZTabViewAppDelegate.m; path = ../AZTab/AZTabViewAppDelegate.m; sourceTree = "<group>"; };
		7B92C7CB15A72F1500D9BB9B /* AZTabView.h */ = {isa = PBXFileReference; fileEncoding = 4; lastKnownFileType = sourcecode.c.h; path = AZTabView.h; sourceTree = "<group>"; };
		7B92C7CC15A72F1500D9BB9B /* AZTabView.m */ = {isa = PBXFileReference; fileEncoding = 4; lastKnownFileType = sourcecode.c.objc; path = AZTabView.m; sourceTree = "<group>"; };
		7B92C7D215A72FA300D9BB9B /* AZTabView.app */ = {isa = PBXFileReference; explicitFileType = wrapper.application; includeInIndex = 0; path = AZTabView.app; sourceTree = BUILT_PRODUCTS_DIR; };
		7B92C7D415A72FA300D9BB9B /* Cocoa.framework */ = {isa = PBXFileReference; lastKnownFileType = wrapper.framework; name = Cocoa.framework; path = System/Library/Frameworks/Cocoa.framework; sourceTree = SDKROOT; };
		7B92C7D815A72FA300D9BB9B /* AZTabView-Info.plist */ = {isa = PBXFileReference; lastKnownFileType = text.plist.xml; path = "AZTabView-Info.plist"; sourceTree = "<group>"; };
		7B92C7DA15A72FA300D9BB9B /* en */ = {isa = PBXFileReference; lastKnownFileType = text.plist.strings; name = en; path = en.lproj/InfoPlist.strings; sourceTree = "<group>"; };
		7B92C7DC15A72FA300D9BB9B /* main.m */ = {isa = PBXFileReference; lastKnownFileType = sourcecode.c.objc; path = main.m; sourceTree = "<group>"; };
		7B92C7DE15A72FA300D9BB9B /* AZTabView-Prefix.pch */ = {isa = PBXFileReference; lastKnownFileType = sourcecode.c.h; path = "AZTabView-Prefix.pch"; sourceTree = "<group>"; };
		7B92C7E015A72FA300D9BB9B /* en */ = {isa = PBXFileReference; lastKnownFileType = text.rtf; name = en; path = en.lproj/Credits.rtf; sourceTree = "<group>"; };
		7B92C7E615A72FA400D9BB9B /* en */ = {isa = PBXFileReference; lastKnownFileType = file.xib; name = en; path = en.lproj/MainMenu.xib; sourceTree = "<group>"; };
		7B92C7F115A7304000D9BB9B /* PAColorSwatchChooser.h */ = {isa = PBXFileReference; fileEncoding = 4; lastKnownFileType = sourcecode.c.h; path = PAColorSwatchChooser.h; sourceTree = "<group>"; };
		7B92C7F215A7304000D9BB9B /* PAColorSwatchChooser.m */ = {isa = PBXFileReference; fileEncoding = 4; lastKnownFileType = sourcecode.c.objc; path = PAColorSwatchChooser.m; sourceTree = "<group>"; };
		7BCE78B715E25DF800B53BC6 /* PLWeakCompatibility.framework */ = {isa = PBXFileReference; lastKnownFileType = wrapper.framework; name = PLWeakCompatibility.framework; path = "../../../../disenchanted 750/DerivedData/PLWeakCompatibility-chfkqnybfsbbfpfbkrdmefgadcvh/Build/Products/Debug/PLWeakCompatibility.framework"; sourceTree = "<group>"; };
		8D1107310486CEB800E47090 /* AZTabView-Info.plist */ = {isa = PBXFileReference; fileEncoding = 4; lastKnownFileType = text.plist.xml; path = "AZTabView-Info.plist"; sourceTree = "<group>"; };
		8D1107320486CEB800E47090 /* AZTabView.app */ = {isa = PBXFileReference; explicitFileType = wrapper.application; includeInIndex = 0; path = AZTabView.app; sourceTree = BUILT_PRODUCTS_DIR; };
/* End PBXFileReference section */

/* Begin PBXFrameworksBuildPhase section */
		7B92C7CF15A72FA300D9BB9B /* Frameworks */ = {
			isa = PBXFrameworksBuildPhase;
			buildActionMask = 2147483647;
			files = (
				7B18225516222ED100C19DBB /* AtoZ.framework in Frameworks */,
				7B02370D15E0BE7A0070FE12 /* Cocoa.framework in Frameworks */,
				7B02370A15E0BE6E0070FE12 /* QuartzCore.framework in Frameworks */,
			);
			runOnlyForDeploymentPostprocessing = 0;
		};
		8D11072E0486CEB800E47090 /* Frameworks */ = {
			isa = PBXFrameworksBuildPhase;
			buildActionMask = 2147483647;
			files = (
				7B18225616222F6A00C19DBB /* AtoZ.framework in Frameworks */,
				7B02370915E0BE640070FE12 /* QuartzCore.framework in Frameworks */,
				8D11072F0486CEB800E47090 /* Cocoa.framework in Frameworks */,
			);
			runOnlyForDeploymentPostprocessing = 0;
		};
/* End PBXFrameworksBuildPhase section */

/* Begin PBXGroup section */
		080E96DDFE201D6D7F000001 /* Classes */ = {
			isa = PBXGroup;
			children = (
				7B92C7C215A72B2A00D9BB9B /* AZTabView */,
				0C5CBD1711BD545E00448ADD /* SFTabView */,
				0C5CBCF411BD52BA00448ADD /* SFTabViewAppDelegate.h */,
				0C5CBCF511BD52BA00448ADD /* SFTabViewAppDelegate.m */,
			);
			name = Classes;
			sourceTree = "<group>";
		};
		0C5CBD1711BD545E00448ADD /* SFTabView */ = {
			isa = PBXGroup;
			children = (
				0C5CBCF011BD52BA00448ADD /* SFDefaultTab.h */,
				0C5CBCF111BD52BA00448ADD /* SFDefaultTab.m */,
				0C5CBCF211BD52BA00448ADD /* SFTabView.h */,
				0C5CBCF311BD52BA00448ADD /* SFTabView.m */,
			);
			name = SFTabView;
			sourceTree = "<group>";
		};
		0CB2672111984D2800003C49 /* Images */ = {
			isa = PBXGroup;
			children = (
				0C5CBCFB11BD534200448ADD /* activeTab.png */,
				0C5CBCFC11BD534200448ADD /* inactiveTab.png */,
				0C5CBCFE11BD534200448ADD /* tabBg.png */,
			);
			name = Images;
			sourceTree = "<group>";
		};
		1058C7A0FEA54F0111CA2CBB /* Linked Frameworks */ = {
			isa = PBXGroup;
			children = (
				1058C7A1FEA54F0111CA2CBB /* Cocoa.framework */,
			);
			name = "Linked Frameworks";
			sourceTree = "<group>";
		};
		1058C7A2FEA54F0111CA2CBB /* Other Frameworks */ = {
			isa = PBXGroup;
			children = (
				0CB2673D11984E3100003C49 /* QuartzCore.framework */,
				29B97324FDCFA39411CA2CEA /* AppKit.framework */,
				13E42FB307B3F0F600E4EEF1 /* CoreData.framework */,
				29B97325FDCFA39411CA2CEA /* Foundation.framework */,
			);
			name = "Other Frameworks";
			sourceTree = "<group>";
		};
		19C28FACFE9D520D11CA2CBB /* Products */ = {
			isa = PBXGroup;
			children = (
				8D1107320486CEB800E47090 /* AZTabView.app */,
				7B92C7D215A72FA300D9BB9B /* AZTabView.app */,
			);
			name = Products;
			sourceTree = "<group>";
		};
		29B97314FDCFA39411CA2CEA /* SFTabView */ = {
			isa = PBXGroup;
			children = (
				7B18225416222ED100C19DBB /* AtoZ.framework */,
				7BCE78B715E25DF800B53BC6 /* PLWeakCompatibility.framework */,
				7B02370C15E0BE7A0070FE12 /* Cocoa.framework */,
				7B02370815E0BE640070FE12 /* QuartzCore.framework */,
				080E96DDFE201D6D7F000001 /* Classes */,
				29B97317FDCFA39411CA2CEA /* Resources */,
				29B97315FDCFA39411CA2CEA /* Other Sources */,
				29B97323FDCFA39411CA2CEA /* Frameworks */,
				19C28FACFE9D520D11CA2CBB /* Products */,
			);
			name = SFTabView;
			sourceTree = "<group>";
		};
		29B97315FDCFA39411CA2CEA /* Other Sources */ = {
			isa = PBXGroup;
			children = (
				256AC3F00F4B6AF500CF3369 /* AZTabView_Prefix.pch */,
				29B97316FDCFA39411CA2CEA /* main.m */,
			);
			name = "Other Sources";
			sourceTree = "<group>";
		};
		29B97317FDCFA39411CA2CEA /* Resources */ = {
			isa = PBXGroup;
			children = (
				0C5CBCFD11BD534200448ADD /* MainMenu.xib */,
				0CB2672111984D2800003C49 /* Images */,
				8D1107310486CEB800E47090 /* AZTabView-Info.plist */,
				0C5CBD1111BD537700448ADD /* InfoPlist.strings */,
			);
			name = Resources;
			sourceTree = "<group>";
		};
		29B97323FDCFA39411CA2CEA /* Frameworks */ = {
			isa = PBXGroup;
			children = (
				1058C7A0FEA54F0111CA2CBB /* Linked Frameworks */,
				7B92C7D415A72FA300D9BB9B /* Cocoa.framework */,
				1058C7A2FEA54F0111CA2CBB /* Other Frameworks */,
			);
			name = Frameworks;
			sourceTree = "<group>";
		};
		7B92C7C215A72B2A00D9BB9B /* AZTabView */ = {
			isa = PBXGroup;
			children = (
				7B92C7D615A72FA300D9BB9B /* AZTabView */,
				7B92C7C315A72B4A00D9BB9B /* AZDefaultTab.h */,
				7B92C7C415A72B4A00D9BB9B /* AZDefaultTab.m */,
				7B92C7CB15A72F1500D9BB9B /* AZTabView.h */,
				7B92C7CC15A72F1500D9BB9B /* AZTabView.m */,
			);
			name = AZTabView;
			path = AZTab;
			sourceTree = SOURCE_ROOT;
		};
		7B92C7D615A72FA300D9BB9B /* AZTabView */ = {
			isa = PBXGroup;
			children = (
				7B92C7C815A72ED700D9BB9B /* AZTabViewAppDelegate.h */,
				7B92C7C915A72ED700D9BB9B /* AZTabViewAppDelegate.m */,
				7B92C7E515A72FA400D9BB9B /* MainMenu.xib */,
				7B92C7D715A72FA300D9BB9B /* Supporting Files */,
			);
			path = AZTabView;
			sourceTree = SOURCE_ROOT;
		};
		7B92C7D715A72FA300D9BB9B /* Supporting Files */ = {
			isa = PBXGroup;
			children = (
				7B92C7F115A7304000D9BB9B /* PAColorSwatchChooser.h */,
				7B92C7F215A7304000D9BB9B /* PAColorSwatchChooser.m */,
				7B92C7D815A72FA300D9BB9B /* AZTabView-Info.plist */,
				7B92C7D915A72FA300D9BB9B /* InfoPlist.strings */,
				7B92C7DC15A72FA300D9BB9B /* main.m */,
				7B92C7DE15A72FA300D9BB9B /* AZTabView-Prefix.pch */,
				7B92C7DF15A72FA300D9BB9B /* Credits.rtf */,
			);
			name = "Supporting Files";
			sourceTree = "<group>";
		};
/* End PBXGroup section */

/* Begin PBXNativeTarget section */
		7B92C7D115A72FA300D9BB9B /* AZTabView */ = {
			isa = PBXNativeTarget;
			buildConfigurationList = 7B92C7E815A72FA400D9BB9B /* Build configuration list for PBXNativeTarget "AZTabView" */;
			buildPhases = (
				7B92C7CE15A72FA300D9BB9B /* Sources */,
				7B92C7CF15A72FA300D9BB9B /* Frameworks */,
				7B92C7D015A72FA300D9BB9B /* Resources */,
				7B02370E15E0BE8C0070FE12 /* CopyFiles */,
			);
			buildRules = (
			);
			dependencies = (
			);
			name = AZTabView;
			productName = AZTabView;
			productReference = 7B92C7D215A72FA300D9BB9B /* AZTabView.app */;
			productType = "com.apple.product-type.application";
		};
		8D1107260486CEB800E47090 /* SFTabView */ = {
			isa = PBXNativeTarget;
			buildConfigurationList = C01FCF4A08A954540054247B /* Build configuration list for PBXNativeTarget "SFTabView" */;
			buildPhases = (
				8D1107290486CEB800E47090 /* Resources */,
				8D11072C0486CEB800E47090 /* Sources */,
				8D11072E0486CEB800E47090 /* Frameworks */,
				7B9595B615E1D87D0044620B /* CopyFiles */,
			);
			buildRules = (
			);
			dependencies = (
			);
			name = SFTabView;
			productInstallPath = "$(HOME)/Applications";
			productName = SFTabView;
			productReference = 8D1107320486CEB800E47090 /* AZTabView.app */;
			productType = "com.apple.product-type.application";
		};
/* End PBXNativeTarget section */

/* Begin PBXProject section */
		29B97313FDCFA39411CA2CEA /* Project object */ = {
			isa = PBXProject;
			attributes = {
				LastUpgradeCheck = 0440;
			};
			buildConfigurationList = C01FCF4E08A954540054247B /* Build configuration list for PBXProject "AZTabView" */;
			compatibilityVersion = "Xcode 3.2";
			developmentRegion = English;
			hasScannedForEncodings = 1;
			knownRegions = (
				en,
			);
			mainGroup = 29B97314FDCFA39411CA2CEA /* SFTabView */;
			projectDirPath = "";
			projectRoot = "";
			targets = (
				8D1107260486CEB800E47090 /* SFTabView */,
				7B92C7D115A72FA300D9BB9B /* AZTabView */,
			);
		};
/* End PBXProject section */

/* Begin PBXResourcesBuildPhase section */
		7B92C7D015A72FA300D9BB9B /* Resources */ = {
			isa = PBXResourcesBuildPhase;
			buildActionMask = 2147483647;
			files = (
				7B92C7DB15A72FA300D9BB9B /* InfoPlist.strings in Resources */,
				7B92C7E115A72FA300D9BB9B /* Credits.rtf in Resources */,
				7B92C7F415A7368300D9BB9B /* tabBg.png in Resources */,
				7B92C7E715A72FA400D9BB9B /* MainMenu.xib in Resources */,
			);
			runOnlyForDeploymentPostprocessing = 0;
		};
		8D1107290486CEB800E47090 /* Resources */ = {
			isa = PBXResourcesBuildPhase;
			buildActionMask = 2147483647;
			files = (
				0C5CBCFF11BD534200448ADD /* activeTab.png in Resources */,
				0C5CBD0011BD534200448ADD /* inactiveTab.png in Resources */,
				0C5CBD0111BD534200448ADD /* MainMenu.xib in Resources */,
				0C5CBD0211BD534200448ADD /* tabBg.png in Resources */,
				0C5CBD1311BD537700448ADD /* InfoPlist.strings in Resources */,
			);
			runOnlyForDeploymentPostprocessing = 0;
		};
/* End PBXResourcesBuildPhase section */

/* Begin PBXSourcesBuildPhase section */
		7B92C7CE15A72FA300D9BB9B /* Sources */ = {
			isa = PBXSourcesBuildPhase;
			buildActionMask = 2147483647;
			files = (
				7B92C7DD15A72FA300D9BB9B /* main.m in Sources */,
				7B92C7ED15A72FFA00D9BB9B /* AZTabViewAppDelegate.m in Sources */,
				7B92C7EE15A72FFF00D9BB9B /* AZDefaultTab.m in Sources */,
				7B92C7F015A7300300D9BB9B /* AZTabView.m in Sources */,
				7B92C7F315A7304000D9BB9B /* PAColorSwatchChooser.m in Sources */,
			);
			runOnlyForDeploymentPostprocessing = 0;
		};
		8D11072C0486CEB800E47090 /* Sources */ = {
			isa = PBXSourcesBuildPhase;
			buildActionMask = 2147483647;
			files = (
				8D11072D0486CEB800E47090 /* main.m in Sources */,
				0C5CBCF611BD52BA00448ADD /* SFDefaultTab.m in Sources */,
				0C5CBCF711BD52BA00448ADD /* SFTabView.m in Sources */,
				0C5CBCF811BD52BA00448ADD /* SFTabViewAppDelegate.m in Sources */,
			);
			runOnlyForDeploymentPostprocessing = 0;
		};
/* End PBXSourcesBuildPhase section */

/* Begin PBXVariantGroup section */
		0C5CBD1111BD537700448ADD /* InfoPlist.strings */ = {
			isa = PBXVariantGroup;
			children = (
				0C5CBD1211BD537700448ADD /* English */,
			);
			name = InfoPlist.strings;
			sourceTree = "<group>";
		};
		7B92C7D915A72FA300D9BB9B /* InfoPlist.strings */ = {
			isa = PBXVariantGroup;
			children = (
				7B92C7DA15A72FA300D9BB9B /* en */,
			);
			name = InfoPlist.strings;
			sourceTree = "<group>";
		};
		7B92C7DF15A72FA300D9BB9B /* Credits.rtf */ = {
			isa = PBXVariantGroup;
			children = (
				7B92C7E015A72FA300D9BB9B /* en */,
			);
			name = Credits.rtf;
			sourceTree = "<group>";
		};
		7B92C7E515A72FA400D9BB9B /* MainMenu.xib */ = {
			isa = PBXVariantGroup;
			children = (
				7B92C7E615A72FA400D9BB9B /* en */,
			);
			name = MainMenu.xib;
			sourceTree = "<group>";
		};
/* End PBXVariantGroup section */

/* Begin XCBuildConfiguration section */
		7B92C7E915A72FA400D9BB9B /* Debug */ = {
			isa = XCBuildConfiguration;
			buildSettings = {
				ALWAYS_SEARCH_USER_PATHS = YES;
				ARCHS = "$(ARCHS_STANDARD_64_BIT)";
				CLANG_ENABLE_OBJC_ARC = YES;
				COMBINE_HIDPI_IMAGES = YES;
				COPY_PHASE_STRIP = NO;
				FRAMEWORK_SEARCH_PATHS = (
					"$(inherited)",
					"\"$(SRCROOT)/../../../../disenchanted 750/DerivedData/AtoZ-hfqteqfcvjfinlajqwkydsqyzpiz/Build/Products/Debug\"",
				);
				GCC_DYNAMIC_NO_PIC = NO;
				GCC_ENABLE_OBJC_EXCEPTIONS = YES;
				GCC_PRECOMPILE_PREFIX_HEADER = YES;
				GCC_PREFIX_HEADER = "AZTabView/AZTabView-Prefix.pch";
				GCC_PREPROCESSOR_DEFINITIONS = (
					"DEBUG=1",
					"$(inherited)",
				);
				GCC_SYMBOLS_PRIVATE_EXTERN = NO;
				GCC_VERSION = com.apple.compilers.llvm.clang.1_0;
				GCC_WARN_64_TO_32_BIT_CONVERSION = YES;
				GCC_WARN_UNINITIALIZED_AUTOS = YES;
				INFOPLIST_FILE = "AZTabView/AZTabView-Info.plist";
				LD_RUNPATH_SEARCH_PATHS = "@loader_path/../Frameworks @executable_path/../Frameworks";
				MACOSX_DEPLOYMENT_TARGET = 10.6;
				ONLY_ACTIVE_ARCH = YES;
				PRODUCT_NAME = "$(TARGET_NAME)";
				SDKROOT = "";
				WRAPPER_EXTENSION = app;
			};
			name = Debug;
		};
		7B92C7EA15A72FA400D9BB9B /* Release */ = {
			isa = XCBuildConfiguration;
			buildSettings = {
				ALWAYS_SEARCH_USER_PATHS = YES;
				ARCHS = "$(ARCHS_STANDARD_64_BIT)";
				CLANG_ENABLE_OBJC_ARC = YES;
				COMBINE_HIDPI_IMAGES = YES;
				COPY_PHASE_STRIP = YES;
				DEBUG_INFORMATION_FORMAT = "dwarf-with-dsym";
				FRAMEWORK_SEARCH_PATHS = (
					"$(inherited)",
					"\"$(SRCROOT)/../../../../disenchanted 750/DerivedData/AtoZ-hfqteqfcvjfinlajqwkydsqyzpiz/Build/Products/Debug\"",
				);
				GCC_ENABLE_OBJC_EXCEPTIONS = YES;
				GCC_PRECOMPILE_PREFIX_HEADER = YES;
				GCC_PREFIX_HEADER = "AZTabView/AZTabView-Prefix.pch";
				GCC_VERSION = com.apple.compilers.llvm.clang.1_0;
				GCC_WARN_64_TO_32_BIT_CONVERSION = YES;
				GCC_WARN_UNINITIALIZED_AUTOS = YES;
				INFOPLIST_FILE = "AZTabView/AZTabView-Info.plist";
				LD_RUNPATH_SEARCH_PATHS = "@loader_path/../Frameworks @executable_path/../Frameworks";
				MACOSX_DEPLOYMENT_TARGET = 10.6;
				ONLY_ACTIVE_ARCH = YES;
				PRODUCT_NAME = "$(TARGET_NAME)";
				SDKROOT = "";
				WRAPPER_EXTENSION = app;
			};
			name = Release;
		};
		C01FCF4B08A954540054247B /* Debug */ = {
			isa = XCBuildConfiguration;
			buildSettings = {
				ALWAYS_SEARCH_USER_PATHS = NO;
				ARCHS = "$(ARCHS_STANDARD_64_BIT)";
				CLANG_ENABLE_OBJC_ARC = YES;
				COMBINE_HIDPI_IMAGES = YES;
				COPY_PHASE_STRIP = NO;
				FRAMEWORK_SEARCH_PATHS = (
					"$(inherited)",
					"\"$(SRCROOT)\"",
				);
				GCC_DYNAMIC_NO_PIC = NO;
				GCC_MODEL_TUNING = G5;
				GCC_OPTIMIZATION_LEVEL = 0;
				GCC_PRECOMPILE_PREFIX_HEADER = NO;
				GCC_PREFIX_HEADER = AZTabView_Prefix.pch;
				GCC_VERSION = com.apple.compilers.llvm.clang.1_0;
				INFOPLIST_FILE = "AZTabView-Info.plist";
				INSTALL_PATH = "$(HOME)/Applications";
				LD_RUNPATH_SEARCH_PATHS = "@executable_path/../Frameworks @loader_path/../Frameworks";
				PRECOMPS_INCLUDE_HEADERS_FROM_BUILT_PRODUCTS_DIR = NO;
				PRODUCT_NAME = AZTabView;
				SDKROOT = "";
			};
			name = Debug;
		};
		C01FCF4C08A954540054247B /* Release */ = {
			isa = XCBuildConfiguration;
			buildSettings = {
				ALWAYS_SEARCH_USER_PATHS = NO;
				ARCHS = "$(ARCHS_STANDARD_64_BIT)";
				CLANG_ENABLE_OBJC_ARC = YES;
				COMBINE_HIDPI_IMAGES = YES;
				DEBUG_INFORMATION_FORMAT = "dwarf-with-dsym";
				FRAMEWORK_SEARCH_PATHS = (
					"$(inherited)",
					"\"$(SRCROOT)\"",
				);
				GCC_MODEL_TUNING = G5;
				GCC_PRECOMPILE_PREFIX_HEADER = NO;
				GCC_PREFIX_HEADER = AZTabView_Prefix.pch;
				GCC_VERSION = com.apple.compilers.llvm.clang.1_0;
				INFOPLIST_FILE = "AZTabView-Info.plist";
				INSTALL_PATH = "$(HOME)/Applications";
				LD_RUNPATH_SEARCH_PATHS = "@executable_path/../Frameworks @loader_path/../Frameworks";
				PRECOMPS_INCLUDE_HEADERS_FROM_BUILT_PRODUCTS_DIR = NO;
				PRODUCT_NAME = AZTabView;
				SDKROOT = "";
			};
			name = Release;
		};
		C01FCF4F08A954540054247B /* Debug */ = {
			isa = XCBuildConfiguration;
			buildSettings = {
				ARCHS = "$(ARCHS_STANDARD_64_BIT)";
				GCC_C_LANGUAGE_STANDARD = "compiler-default";
				GCC_OPTIMIZATION_LEVEL = 0;
				GCC_WARN_ABOUT_RETURN_TYPE = YES;
				GCC_WARN_UNUSED_VARIABLE = YES;
				ONLY_ACTIVE_ARCH = YES;
				SDKROOT = "";
			};
			name = Debug;
		};
		C01FCF5008A954540054247B /* Release */ = {
			isa = XCBuildConfiguration;
			buildSettings = {
				ARCHS = "$(ARCHS_STANDARD_64_BIT)";
				GCC_C_LANGUAGE_STANDARD = "compiler-default";
				GCC_WARN_ABOUT_RETURN_TYPE = YES;
				GCC_WARN_UNUSED_VARIABLE = YES;
				SDKROOT = "";
			};
			name = Release;
		};
/* End XCBuildConfiguration section */

/* Begin XCConfigurationList section */
		7B92C7E815A72FA400D9BB9B /* Build configuration list for PBXNativeTarget "AZTabView" */ = {
			isa = XCConfigurationList;
			buildConfigurations = (
				7B92C7E915A72FA400D9BB9B /* Debug */,
				7B92C7EA15A72FA400D9BB9B /* Release */,
			);
			defaultConfigurationIsVisible = 0;
			defaultConfigurationName = Release;
		};
		C01FCF4A08A954540054247B /* Build configuration list for PBXNativeTarget "SFTabView" */ = {
			isa = XCConfigurationList;
			buildConfigurations = (
				C01FCF4B08A954540054247B /* Debug */,
				C01FCF4C08A954540054247B /* Release */,
			);
			defaultConfigurationIsVisible = 0;
			defaultConfigurationName = Release;
		};
		C01FCF4E08A954540054247B /* Build configuration list for PBXProject "AZTabView" */ = {
			isa = XCConfigurationList;
			buildConfigurations = (
				C01FCF4F08A954540054247B /* Debug */,
				C01FCF5008A954540054247B /* Release */,
			);
			defaultConfigurationIsVisible = 0;
			defaultConfigurationName = Release;
		};
/* End XCConfigurationList section */
	};
	rootObject = 29B97313FDCFA39411CA2CEA /* Project object */;
}
